# This file is automatically @generated by Cargo.
# It is not intended for manual editing.
version = 4

[[package]]
name = "henyo"
version = "0.1.0"
dependencies = [
 "monye-syntax",
]

[[package]]
name = "mapyu"
version = "0.1.0"
dependencies = [
 "henyo",
]

[[package]]
name = "mochi"
version = "0.1.0"
dependencies = [
 "monye-syntax",
]

[[package]]
name = "monye"
version = "0.1.0"
dependencies = [
 "mochi",
 "monye-syntax",
 "munyo",
 "penyo",
]

[[package]]
name = "monye-syntax"
version = "0.1.0"

[[package]]
name = "munyo"
version = "0.1.0"

[[package]]
name = "penyo"
version = "0.1.0"
dependencies = [
 "mochi",
]
